{
  "name": "defi-education-hub",
  "version": "1.0.0",
  "lockfileVersion": 3,
  "requires": true,
  "packages": {
    "": {
      "name": "defi-education-hub",
      "version": "1.0.0",
      "license": "MIT",
      "dependencies": {
        "defi-education-hub": "file:"
      }
    },
    "node_modules/defi-education-hub": {
      "resolved": "",
      "link": true
    }
  }
}
